
Microsoft Visual Studio Solution File, Format Version 12.00
# Visual Studio Version 16
VisualStudioVersion = 16.0.30114.105
MinimumVisualStudioVersion = 10.0.40219.1
Project("{2150E333-8FDC-42A3-9474-1A3956D46DE8}") = "Microservices", "Microservices", "{E5299593-2DFD-4661-8158-9E1242026EA9}"
EndProject
Project("{2150E333-8FDC-42A3-9474-1A3956D46DE8}") = "Domain", "Domain", "{E6A01C05-D200-4290-A7BE-FC71CB5141D2}"
EndProject
Project("{2150E333-8FDC-42A3-9474-1A3956D46DE8}") = "Infra.Bus", "Infra.Bus", "{63CA3789-3BE5-47E6-AD6D-1F10984F062A}"
EndProject
Project("{2150E333-8FDC-42A3-9474-1A3956D46DE8}") = "Infra.IoC", "Infra.IoC", "{99CDD2E2-AB7A-4CB3-9D65-D87C5F491EE6}"
EndProject
Project("{2150E333-8FDC-42A3-9474-1A3956D46DE8}") = "Presentation", "Presentation", "{C315A04D-8594-445E-B4D5-E7C473A92D45}"
EndProject
Project("{FAE04EC0-301F-11D3-BF4B-00C04F79EFBC}") = "McroRabbit.Domain.Core", "McroRabbit.Domain.Core\McroRabbit.Domain.Core.csproj", "{8F22BE66-E171-46E8-9DE7-BD252164077A}"
EndProject
Global
	GlobalSection(SolutionConfigurationPlatforms) = preSolution
		Debug|Any CPU = Debug|Any CPU
		Release|Any CPU = Release|Any CPU
	EndGlobalSection
	GlobalSection(ProjectConfigurationPlatforms) = postSolution
		{8F22BE66-E171-46E8-9DE7-BD252164077A}.Debug|Any CPU.ActiveCfg = Debug|Any CPU
		{8F22BE66-E171-46E8-9DE7-BD252164077A}.Debug|Any CPU.Build.0 = Debug|Any CPU
		{8F22BE66-E171-46E8-9DE7-BD252164077A}.Release|Any CPU.ActiveCfg = Release|Any CPU
		{8F22BE66-E171-46E8-9DE7-BD252164077A}.Release|Any CPU.Build.0 = Release|Any CPU
	EndGlobalSection
	GlobalSection(SolutionProperties) = preSolution
		HideSolutionNode = FALSE
	EndGlobalSection
	GlobalSection(NestedProjects) = preSolution
		{8F22BE66-E171-46E8-9DE7-BD252164077A} = {E6A01C05-D200-4290-A7BE-FC71CB5141D2}
	EndGlobalSection
	GlobalSection(ExtensibilityGlobals) = postSolution
		SolutionGuid = {DAA7EF35-C417-40FE-BB8E-5D2B25F17E61}
	EndGlobalSection
EndGlobal
